GENERATE-LOAD-SCRIPTS: ON
STORAGE: NONE
RESTRICTION: || (== net10.0) (== netstandard2.1)
NUGET
  remote: https://api.nuget.org/v3/index.json
    FSharp.Core (10.1.201) - redirects: force

GROUP Test
RESTRICTION: || (== net10.0) (== netstandard2.1)
NUGET
  remote: https://api.nuget.org/v3/index.json
    coverlet.collector (8.0.1)
    FSharp.Core (10.1.201) - redirects: force
    Microsoft.CodeCoverage (18.4) - restriction: || (== net10.0) (&& (== netstandard2.1) (>= net462)) (&& (== netstandard2.1) (>= net8.0))
    Microsoft.NET.Test.Sdk (18.4)
      Microsoft.CodeCoverage (>= 18.4) - restriction: || (== net10.0) (&& (== netstandard2.1) (>= net462)) (&& (== netstandard2.1) (>= net8.0))
      Microsoft.TestPlatform.TestHost (>= 18.4) - restriction: || (== net10.0) (&& (== netstandard2.1) (>= net8.0))
    Microsoft.TestPlatform.ObjectModel (18.4) - restriction: || (== net10.0) (&& (== netstandard2.1) (>= net8.0))
      System.Reflection.Metadata (>= 8.0)
    Microsoft.TestPlatform.TestHost (18.4) - restriction: || (== net10.0) (&& (== netstandard2.1) (>= net8.0))
      Microsoft.TestPlatform.ObjectModel (>= 18.4) - restriction: || (== net10.0) (&& (== netstandard2.1) (>= net8.0))
      Newtonsoft.Json (>= 13.0.3) - restriction: || (== net10.0) (&& (== netstandard2.1) (>= net8.0))
    Newtonsoft.Json (13.0.4) - restriction: || (== net10.0) (&& (== netstandard2.1) (>= net8.0))
    System.Reflection.Metadata (10.0.5) - restriction: || (== net10.0) (&& (== netstandard2.1) (>= net8.0))
    Unquote (7.0.1)
      FSharp.Core (>= 6.0)
    xunit (2.9.3)
      xunit.analyzers (>= 1.18)
      xunit.assert (>= 2.9.3)
      xunit.core (2.9.3)
    xunit.abstractions (2.0.3)
    xunit.analyzers (1.27)
    xunit.assert (2.9.3)
    xunit.core (2.9.3)
      xunit.extensibility.core (2.9.3)
      xunit.extensibility.execution (2.9.3)
    xunit.extensibility.core (2.9.3)
      xunit.abstractions (>= 2.0.3)
    xunit.extensibility.execution (2.9.3)
      xunit.extensibility.core (2.9.3)
    xunit.runner.console (2.9.3)
    xunit.runner.visualstudio (3.1.5)

GROUP WebApi
RESTRICTION: || (== net10.0) (== netstandard2.1)
NUGET
  remote: https://api.nuget.org/v3/index.json
    Microsoft.Bcl.AsyncInterfaces (10.0.5) - restriction: || (&& (== net10.0) (>= net462)) (&& (== net10.0) (< net8.0)) (== netstandard2.1)
    Microsoft.Extensions.ApiDescription.Server (10.0.5) - restriction: || (== net10.0) (&& (== netstandard2.1) (>= net10.0))
    Microsoft.OpenApi (2.7.2)
      System.Text.Json (>= 8.0.5)
    Newtonsoft.Json (13.0.4)
    Swashbuckle.AspNetCore (10.1.7)
      Microsoft.Extensions.ApiDescription.Server (>= 10.0) - restriction: || (== net10.0) (&& (== netstandard2.1) (>= net10.0))
      Swashbuckle.AspNetCore.Swagger (>= 10.1.7) - restriction: || (== net10.0) (&& (== netstandard2.1) (>= net8.0))
      Swashbuckle.AspNetCore.SwaggerGen (>= 10.1.7) - restriction: || (== net10.0) (&& (== netstandard2.1) (>= net8.0))
      Swashbuckle.AspNetCore.SwaggerUI (>= 10.1.7) - restriction: || (== net10.0) (&& (== netstandard2.1) (>= net8.0))
    Swashbuckle.AspNetCore.Swagger (10.1.7) - restriction: || (== net10.0) (&& (== netstandard2.1) (>= net8.0))
      Microsoft.OpenApi (>= 2.4.1) - restriction: || (== net10.0) (&& (== netstandard2.1) (>= net8.0))
    Swashbuckle.AspNetCore.SwaggerGen (10.1.7) - restriction: || (== net10.0) (&& (== netstandard2.1) (>= net8.0))
      Swashbuckle.AspNetCore.Swagger (>= 10.1.7) - restriction: || (== net10.0) (&& (== netstandard2.1) (>= net8.0))
    Swashbuckle.AspNetCore.SwaggerUI (10.1.7) - restriction: || (== net10.0) (&& (== netstandard2.1) (>= net8.0))
    System.Buffers (4.6.1) - restriction: || (&& (== net10.0) (>= net462)) (&& (== net10.0) (< net8.0)) (== netstandard2.1)
    System.IO.Pipelines (10.0.5) - restriction: || (&& (== net10.0) (>= net462)) (&& (== net10.0) (< net8.0)) (&& (== net10.0) (< net9.0)) (== netstandard2.1)
      System.Buffers (>= 4.6.1) - restriction: || (&& (== net10.0) (>= net462)) (&& (== net10.0) (< net8.0)) (== netstandard2.1)
      System.Memory (>= 4.6.3) - restriction: || (&& (== net10.0) (>= net462)) (&& (== net10.0) (< net8.0)) (== netstandard2.1)
      System.Threading.Tasks.Extensions (>= 4.6.3) - restriction: || (&& (== net10.0) (>= net462)) (&& (== net10.0) (< net8.0)) (== netstandard2.1)
    System.Memory (4.6.3) - restriction: || (&& (== net10.0) (>= net462)) (&& (== net10.0) (< net8.0)) (== netstandard2.1)
    System.Runtime.CompilerServices.Unsafe (6.1.2) - restriction: || (&& (== net10.0) (>= net462)) (&& (== net10.0) (< net8.0)) (== netstandard2.1)
    System.Text.Encodings.Web (10.0.5) - restriction: || (&& (== net10.0) (>= net462)) (&& (== net10.0) (< net8.0)) (&& (== net10.0) (< net9.0)) (== netstandard2.1)
      System.Buffers (>= 4.6.1) - restriction: || (&& (== net10.0) (>= net462)) (&& (== net10.0) (< net8.0)) (== netstandard2.1)
      System.Memory (>= 4.6.3) - restriction: || (&& (== net10.0) (>= net462)) (&& (== net10.0) (< net8.0)) (== netstandard2.1)
      System.Runtime.CompilerServices.Unsafe (>= 6.1.2) - restriction: || (&& (== net10.0) (>= net462)) (&& (== net10.0) (< net8.0)) (== netstandard2.1)
    System.Text.Json (10.0.5)
      Microsoft.Bcl.AsyncInterfaces (>= 10.0.5) - restriction: || (&& (== net10.0) (>= net462)) (&& (== net10.0) (< net8.0)) (== netstandard2.1)
      System.Buffers (>= 4.6.1) - restriction: || (&& (== net10.0) (>= net462)) (&& (== net10.0) (< net8.0)) (== netstandard2.1)
      System.IO.Pipelines (>= 10.0.5) - restriction: || (&& (== net10.0) (>= net462)) (&& (== net10.0) (< net8.0)) (&& (== net10.0) (< net9.0)) (== netstandard2.1)
      System.Memory (>= 4.6.3) - restriction: || (&& (== net10.0) (>= net462)) (&& (== net10.0) (< net8.0)) (== netstandard2.1)
      System.Runtime.CompilerServices.Unsafe (>= 6.1.2) - restriction: || (&& (== net10.0) (>= net462)) (&& (== net10.0) (< net8.0)) (== netstandard2.1)
      System.Text.Encodings.Web (>= 10.0.5) - restriction: || (&& (== net10.0) (>= net462)) (&& (== net10.0) (< net8.0)) (&& (== net10.0) (< net9.0)) (== netstandard2.1)
      System.Threading.Tasks.Extensions (>= 4.6.3) - restriction: || (&& (== net10.0) (>= net462)) (&& (== net10.0) (< net8.0)) (== netstandard2.1)
    System.Threading.Tasks.Extensions (4.6.3) - restriction: || (&& (== net10.0) (>= net462)) (&& (== net10.0) (< net8.0)) (== netstandard2.1)
