GENERATE-LOAD-SCRIPTS: ON
STORAGE: NONE
RESTRICTION: || (== net10.0) (== netstandard2.1)
NUGET
  remote: https://api.nuget.org/v3/index.json
    FSharp.Core (10.1.201) - redirects: force

GROUP Test
RESTRICTION: || (== net10.0) (== netstandard2.1)
NUGET
  remote: https://api.nuget.org/v3/index.json
    Azure.Core (1.53) - restriction: || (== net10.0) (&& (== netstandard2.1) (>= net472)) (&& (== netstandard2.1) (>= net8.0))
      Microsoft.Bcl.AsyncInterfaces (>= 10.0.3)
      Microsoft.Extensions.Configuration.Abstractions (>= 10.0.3)
      Microsoft.Extensions.Hosting.Abstractions (>= 10.0.3)
      Microsoft.Identity.Client (>= 4.83.1)
      Microsoft.Identity.Client.Extensions.Msal (>= 4.83.1)
      System.ClientModel (>= 1.10)
      System.Memory.Data (>= 10.0.3)
    Azure.Monitor.OpenTelemetry.Exporter (1.7) - restriction: || (== net10.0) (&& (== netstandard2.1) (>= net472)) (&& (== netstandard2.1) (>= net8.0))
      Azure.Core (>= 1.52)
      OpenTelemetry.Extensions.Hosting (>= 1.15.1)
      OpenTelemetry.PersistentStorage.FileSystem (>= 1.0.2)
    FSharp.Core (10.1.201) - redirects: force
    Microsoft.ApplicationInsights (3.1) - restriction: || (== net10.0) (&& (== netstandard2.1) (>= net472)) (&& (== netstandard2.1) (>= net8.0))
      Azure.Monitor.OpenTelemetry.Exporter (>= 1.7)
    Microsoft.Bcl.AsyncInterfaces (10.0.5) - restriction: || (== net10.0) (&& (== netstandard2.1) (>= net472)) (&& (== netstandard2.1) (>= net8.0))
    Microsoft.Extensions.Configuration (10.0.5) - restriction: || (== net10.0) (&& (== netstandard2.1) (>= net10.0)) (&& (== netstandard2.1) (>= net472)) (&& (== netstandard2.1) (>= net8.0))
      Microsoft.Extensions.Configuration.Abstractions (>= 10.0.5)
      Microsoft.Extensions.Primitives (>= 10.0.5)
    Microsoft.Extensions.Configuration.Abstractions (10.0.5) - restriction: || (== net10.0) (&& (== netstandard2.1) (>= net472)) (&& (== netstandard2.1) (>= net8.0))
      Microsoft.Extensions.Primitives (>= 10.0.5)
    Microsoft.Extensions.Configuration.Binder (10.0.5) - restriction: || (== net10.0) (&& (== netstandard2.1) (>= net10.0)) (&& (== netstandard2.1) (>= net472)) (&& (== netstandard2.1) (>= net8.0))
      Microsoft.Extensions.Configuration (>= 10.0.5)
      Microsoft.Extensions.Configuration.Abstractions (>= 10.0.5)
    Microsoft.Extensions.DependencyInjection (10.0.5) - restriction: || (== net10.0) (&& (== netstandard2.1) (>= net10.0)) (&& (== netstandard2.1) (>= net472)) (&& (== netstandard2.1) (>= net8.0))
      Microsoft.Extensions.DependencyInjection.Abstractions (>= 10.0.5)
    Microsoft.Extensions.DependencyInjection.Abstractions (10.0.5) - restriction: || (== net10.0) (&& (== netstandard2.1) (>= net472)) (&& (== netstandard2.1) (>= net8.0))
    Microsoft.Extensions.Diagnostics.Abstractions (10.0.5) - restriction: || (== net10.0) (&& (== netstandard2.1) (>= net472)) (&& (== netstandard2.1) (>= net8.0))
      Microsoft.Extensions.DependencyInjection.Abstractions (>= 10.0.5)
      Microsoft.Extensions.Options (>= 10.0.5)
    Microsoft.Extensions.FileProviders.Abstractions (10.0.5) - restriction: || (== net10.0) (&& (== netstandard2.1) (>= net472)) (&& (== netstandard2.1) (>= net8.0))
      Microsoft.Extensions.Primitives (>= 10.0.5)
    Microsoft.Extensions.Hosting.Abstractions (10.0.5) - restriction: || (== net10.0) (&& (== netstandard2.1) (>= net472)) (&& (== netstandard2.1) (>= net8.0))
      Microsoft.Extensions.Configuration.Abstractions (>= 10.0.5)
      Microsoft.Extensions.DependencyInjection.Abstractions (>= 10.0.5)
      Microsoft.Extensions.Diagnostics.Abstractions (>= 10.0.5)
      Microsoft.Extensions.FileProviders.Abstractions (>= 10.0.5)
      Microsoft.Extensions.Logging.Abstractions (>= 10.0.5)
    Microsoft.Extensions.Logging (10.0.5) - restriction: || (== net10.0) (&& (== netstandard2.1) (>= net10.0)) (&& (== netstandard2.1) (>= net472)) (&& (== netstandard2.1) (>= net8.0))
      Microsoft.Extensions.DependencyInjection (>= 10.0.5)
      Microsoft.Extensions.Logging.Abstractions (>= 10.0.5)
      Microsoft.Extensions.Options (>= 10.0.5)
    Microsoft.Extensions.Logging.Abstractions (10.0.5) - restriction: || (== net10.0) (&& (== netstandard2.1) (>= net472)) (&& (== netstandard2.1) (>= net8.0))
      Microsoft.Extensions.DependencyInjection.Abstractions (>= 10.0.5)
    Microsoft.Extensions.Logging.Configuration (10.0.5) - restriction: || (== net10.0) (&& (== netstandard2.1) (>= net10.0)) (&& (== netstandard2.1) (>= net472)) (&& (== netstandard2.1) (>= net8.0))
      Microsoft.Extensions.Configuration (>= 10.0.5)
      Microsoft.Extensions.Configuration.Abstractions (>= 10.0.5)
      Microsoft.Extensions.Configuration.Binder (>= 10.0.5)
      Microsoft.Extensions.DependencyInjection.Abstractions (>= 10.0.5)
      Microsoft.Extensions.Logging (>= 10.0.5)
      Microsoft.Extensions.Logging.Abstractions (>= 10.0.5)
      Microsoft.Extensions.Options (>= 10.0.5)
      Microsoft.Extensions.Options.ConfigurationExtensions (>= 10.0.5)
    Microsoft.Extensions.Options (10.0.5) - restriction: || (== net10.0) (&& (== netstandard2.1) (>= net472)) (&& (== netstandard2.1) (>= net8.0))
      Microsoft.Extensions.DependencyInjection.Abstractions (>= 10.0.5)
      Microsoft.Extensions.Primitives (>= 10.0.5)
    Microsoft.Extensions.Options.ConfigurationExtensions (10.0.5) - restriction: || (== net10.0) (&& (== netstandard2.1) (>= net10.0)) (&& (== netstandard2.1) (>= net472)) (&& (== netstandard2.1) (>= net8.0))
      Microsoft.Extensions.Configuration.Abstractions (>= 10.0.5)
      Microsoft.Extensions.Configuration.Binder (>= 10.0.5)
      Microsoft.Extensions.DependencyInjection.Abstractions (>= 10.0.5)
      Microsoft.Extensions.Options (>= 10.0.5)
      Microsoft.Extensions.Primitives (>= 10.0.5)
    Microsoft.Extensions.Primitives (10.0.5) - restriction: || (== net10.0) (&& (== netstandard2.1) (>= net472)) (&& (== netstandard2.1) (>= net8.0))
    Microsoft.Identity.Client (4.83.3) - restriction: || (== net10.0) (&& (== netstandard2.1) (>= net472)) (&& (== netstandard2.1) (>= net8.0))
      Microsoft.IdentityModel.Abstractions (>= 8.14)
      System.Diagnostics.DiagnosticSource (>= 6.0.1)
      System.ValueTuple (>= 4.5)
    Microsoft.Identity.Client.Extensions.Msal (4.83.3) - restriction: || (== net10.0) (&& (== netstandard2.1) (>= net472)) (&& (== netstandard2.1) (>= net8.0))
      Microsoft.Identity.Client (>= 4.83.3)
      System.Security.Cryptography.ProtectedData (>= 4.5)
    Microsoft.IdentityModel.Abstractions (8.17) - restriction: || (== net10.0) (&& (== netstandard2.1) (>= net472)) (&& (== netstandard2.1) (>= net8.0))
    Microsoft.Testing.Extensions.Telemetry (2.2.1) - restriction: || (== net10.0) (&& (== netstandard2.1) (>= net472)) (&& (== netstandard2.1) (>= net8.0))
      Microsoft.ApplicationInsights (>= 2.23)
      Microsoft.Testing.Platform (>= 2.2.1)
    Microsoft.Testing.Extensions.TrxReport.Abstractions (2.2.1) - restriction: || (== net10.0) (&& (== netstandard2.1) (>= net472)) (&& (== netstandard2.1) (>= net8.0))
      Microsoft.Testing.Platform (>= 2.2.1)
    Microsoft.Testing.Platform (2.2.1)
    Microsoft.Testing.Platform.MSBuild (2.2.1)
      Microsoft.Testing.Platform (>= 2.2.1)
    Microsoft.Win32.Registry (5.0) - restriction: || (== net10.0) (&& (== netstandard2.1) (>= net472)) (&& (== netstandard2.1) (>= net8.0))
      System.Security.AccessControl (>= 5.0)
      System.Security.Principal.Windows (>= 5.0)
    OpenTelemetry (1.15.2) - restriction: || (== net10.0) (&& (== netstandard2.1) (>= net472)) (&& (== netstandard2.1) (>= net8.0))
      Microsoft.Extensions.Diagnostics.Abstractions (>= 10.0)
      Microsoft.Extensions.Logging.Configuration (>= 10.0)
      OpenTelemetry.Api.ProviderBuilderExtensions (>= 1.15.2)
    OpenTelemetry.Api (1.15.2) - restriction: || (== net10.0) (&& (== netstandard2.1) (>= net472)) (&& (== netstandard2.1) (>= net8.0))
    OpenTelemetry.Api.ProviderBuilderExtensions (1.15.2) - restriction: || (== net10.0) (&& (== netstandard2.1) (>= net472)) (&& (== netstandard2.1) (>= net8.0))
      Microsoft.Extensions.DependencyInjection.Abstractions (>= 10.0)
      OpenTelemetry.Api (>= 1.15.2)
    OpenTelemetry.Extensions.Hosting (1.15.2) - restriction: || (== net10.0) (&& (== netstandard2.1) (>= net472)) (&& (== netstandard2.1) (>= net8.0))
      Microsoft.Extensions.Hosting.Abstractions (>= 10.0)
      OpenTelemetry (>= 1.15.2)
    OpenTelemetry.PersistentStorage.Abstractions (1.0.2) - restriction: || (== net10.0) (&& (== netstandard2.1) (>= net472)) (&& (== netstandard2.1) (>= net8.0))
    OpenTelemetry.PersistentStorage.FileSystem (1.0.2) - restriction: || (== net10.0) (&& (== netstandard2.1) (>= net472)) (&& (== netstandard2.1) (>= net8.0))
      OpenTelemetry.PersistentStorage.Abstractions (>= 1.0.2)
    System.ClientModel (1.10) - restriction: || (== net10.0) (&& (== netstandard2.1) (>= net472)) (&& (== netstandard2.1) (>= net8.0))
      Microsoft.Extensions.Configuration.Abstractions (>= 10.0.3)
      Microsoft.Extensions.Hosting.Abstractions (>= 10.0.3)
      Microsoft.Extensions.Logging.Abstractions (>= 10.0.3)
      System.Memory.Data (>= 10.0.3)
    System.Diagnostics.DiagnosticSource (10.0.5) - restriction: || (== net10.0) (&& (== netstandard2.1) (>= net472)) (&& (== netstandard2.1) (>= net8.0))
    System.Memory.Data (10.0.5) - restriction: || (== net10.0) (&& (== netstandard2.1) (>= net472)) (&& (== netstandard2.1) (>= net8.0))
    System.Security.AccessControl (6.0.1) - restriction: || (== net10.0) (&& (== netstandard2.1) (>= net472)) (&& (== netstandard2.1) (>= net8.0))
    System.Security.Cryptography.ProtectedData (10.0.5) - restriction: || (== net10.0) (&& (== netstandard2.1) (>= net472)) (&& (== netstandard2.1) (>= net8.0))
    System.Security.Principal.Windows (5.0) - restriction: || (== net10.0) (&& (== netstandard2.1) (>= net472)) (&& (== netstandard2.1) (>= net8.0))
    System.ValueTuple (4.6.2) - restriction: || (== net10.0) (&& (== netstandard2.1) (>= net472)) (&& (== netstandard2.1) (>= net8.0))
    Unquote (7.0.1)
      FSharp.Core (>= 6.0)
    xunit.analyzers (1.27) - restriction: || (== net10.0) (&& (== netstandard2.1) (>= net472)) (&& (== netstandard2.1) (>= net8.0))
    xunit.v3.assert (3.2.2) - restriction: || (== net10.0) (&& (== netstandard2.1) (>= net472)) (&& (== netstandard2.1) (>= net8.0))
    xunit.v3.common (3.2.2) - restriction: || (== net10.0) (&& (== netstandard2.1) (>= net472)) (&& (== netstandard2.1) (>= net8.0))
      Microsoft.Bcl.AsyncInterfaces (>= 6.0)
    xunit.v3.core.mtp-v2 (3.2.2) - restriction: || (== net10.0) (&& (== netstandard2.1) (>= net472)) (&& (== netstandard2.1) (>= net8.0))
      Microsoft.Testing.Extensions.Telemetry (>= 2.0.2) - restriction: || (== net10.0) (&& (== netstandard2.1) (>= net472)) (&& (== netstandard2.1) (>= net8.0))
      Microsoft.Testing.Extensions.TrxReport.Abstractions (>= 2.0.2) - restriction: || (== net10.0) (&& (== netstandard2.1) (>= net472)) (&& (== netstandard2.1) (>= net8.0))
      Microsoft.Testing.Platform (>= 2.0.2) - restriction: || (== net10.0) (&& (== netstandard2.1) (>= net472)) (&& (== netstandard2.1) (>= net8.0))
      Microsoft.Testing.Platform.MSBuild (>= 2.0.2) - restriction: || (== net10.0) (&& (== netstandard2.1) (>= net472)) (&& (== netstandard2.1) (>= net8.0))
      xunit.v3.extensibility.core (3.2.2) - restriction: || (== net10.0) (&& (== netstandard2.1) (>= net472)) (&& (== netstandard2.1) (>= net8.0))
      xunit.v3.runner.inproc.console (3.2.2) - restriction: || (== net10.0) (&& (== netstandard2.1) (>= net472)) (&& (== netstandard2.1) (>= net8.0))
    xunit.v3.extensibility.core (3.2.2) - restriction: || (== net10.0) (&& (== netstandard2.1) (>= net472)) (&& (== netstandard2.1) (>= net8.0))
      xunit.v3.common (3.2.2)
    xunit.v3.mtp-v2 (3.2.2)
      xunit.analyzers (>= 1.27) - restriction: || (== net10.0) (&& (== netstandard2.1) (>= net472)) (&& (== netstandard2.1) (>= net8.0))
      xunit.v3.assert (3.2.2) - restriction: || (== net10.0) (&& (== netstandard2.1) (>= net472)) (&& (== netstandard2.1) (>= net8.0))
      xunit.v3.core.mtp-v2 (3.2.2) - restriction: || (== net10.0) (&& (== netstandard2.1) (>= net472)) (&& (== netstandard2.1) (>= net8.0))
    xunit.v3.runner.common (3.2.2) - restriction: || (== net10.0) (&& (== netstandard2.1) (>= net472)) (&& (== netstandard2.1) (>= net8.0))
      Microsoft.Win32.Registry (5.0)
      xunit.v3.common (3.2.2)
    xunit.v3.runner.inproc.console (3.2.2) - restriction: || (== net10.0) (&& (== netstandard2.1) (>= net472)) (&& (== netstandard2.1) (>= net8.0))
      xunit.v3.extensibility.core (3.2.2) - restriction: || (== net10.0) (&& (== netstandard2.1) (>= net472)) (&& (== netstandard2.1) (>= net8.0))
      xunit.v3.runner.common (3.2.2) - restriction: || (== net10.0) (&& (== netstandard2.1) (>= net472)) (&& (== netstandard2.1) (>= net8.0))

GROUP WebApi
RESTRICTION: || (== net10.0) (== netstandard2.1)
NUGET
  remote: https://api.nuget.org/v3/index.json
    Microsoft.Bcl.AsyncInterfaces (10.0.5) - restriction: || (&& (== net10.0) (>= net462)) (&& (== net10.0) (< net8.0)) (== netstandard2.1)
    Microsoft.Extensions.ApiDescription.Server (10.0.5) - restriction: || (== net10.0) (&& (== netstandard2.1) (>= net10.0))
    Microsoft.OpenApi (2.7.2)
      System.Text.Json (>= 8.0.5)
    Newtonsoft.Json (13.0.4)
    Swashbuckle.AspNetCore (10.1.7)
      Microsoft.Extensions.ApiDescription.Server (>= 10.0) - restriction: || (== net10.0) (&& (== netstandard2.1) (>= net10.0))
      Swashbuckle.AspNetCore.Swagger (>= 10.1.7) - restriction: || (== net10.0) (&& (== netstandard2.1) (>= net8.0))
      Swashbuckle.AspNetCore.SwaggerGen (>= 10.1.7) - restriction: || (== net10.0) (&& (== netstandard2.1) (>= net8.0))
      Swashbuckle.AspNetCore.SwaggerUI (>= 10.1.7) - restriction: || (== net10.0) (&& (== netstandard2.1) (>= net8.0))
    Swashbuckle.AspNetCore.Swagger (10.1.7) - restriction: || (== net10.0) (&& (== netstandard2.1) (>= net8.0))
      Microsoft.OpenApi (>= 2.4.1) - restriction: || (== net10.0) (&& (== netstandard2.1) (>= net8.0))
    Swashbuckle.AspNetCore.SwaggerGen (10.1.7) - restriction: || (== net10.0) (&& (== netstandard2.1) (>= net8.0))
      Swashbuckle.AspNetCore.Swagger (>= 10.1.7) - restriction: || (== net10.0) (&& (== netstandard2.1) (>= net8.0))
    Swashbuckle.AspNetCore.SwaggerUI (10.1.7) - restriction: || (== net10.0) (&& (== netstandard2.1) (>= net8.0))
    System.Buffers (4.6.1) - restriction: || (&& (== net10.0) (>= net462)) (&& (== net10.0) (< net8.0)) (== netstandard2.1)
    System.IO.Pipelines (10.0.5) - restriction: || (&& (== net10.0) (>= net462)) (&& (== net10.0) (< net8.0)) (&& (== net10.0) (< net9.0)) (== netstandard2.1)
      System.Buffers (>= 4.6.1) - restriction: || (&& (== net10.0) (>= net462)) (&& (== net10.0) (< net8.0)) (== netstandard2.1)
      System.Memory (>= 4.6.3) - restriction: || (&& (== net10.0) (>= net462)) (&& (== net10.0) (< net8.0)) (== netstandard2.1)
      System.Threading.Tasks.Extensions (>= 4.6.3) - restriction: || (&& (== net10.0) (>= net462)) (&& (== net10.0) (< net8.0)) (== netstandard2.1)
    System.Memory (4.6.3) - restriction: || (&& (== net10.0) (>= net462)) (&& (== net10.0) (< net8.0)) (== netstandard2.1)
    System.Runtime.CompilerServices.Unsafe (6.1.2) - restriction: || (&& (== net10.0) (>= net462)) (&& (== net10.0) (< net8.0)) (== netstandard2.1)
    System.Text.Encodings.Web (10.0.5) - restriction: || (&& (== net10.0) (>= net462)) (&& (== net10.0) (< net8.0)) (&& (== net10.0) (< net9.0)) (== netstandard2.1)
      System.Buffers (>= 4.6.1) - restriction: || (&& (== net10.0) (>= net462)) (&& (== net10.0) (< net8.0)) (== netstandard2.1)
      System.Memory (>= 4.6.3) - restriction: || (&& (== net10.0) (>= net462)) (&& (== net10.0) (< net8.0)) (== netstandard2.1)
      System.Runtime.CompilerServices.Unsafe (>= 6.1.2) - restriction: || (&& (== net10.0) (>= net462)) (&& (== net10.0) (< net8.0)) (== netstandard2.1)
    System.Text.Json (10.0.5)
      Microsoft.Bcl.AsyncInterfaces (>= 10.0.5) - restriction: || (&& (== net10.0) (>= net462)) (&& (== net10.0) (< net8.0)) (== netstandard2.1)
      System.Buffers (>= 4.6.1) - restriction: || (&& (== net10.0) (>= net462)) (&& (== net10.0) (< net8.0)) (== netstandard2.1)
      System.IO.Pipelines (>= 10.0.5) - restriction: || (&& (== net10.0) (>= net462)) (&& (== net10.0) (< net8.0)) (&& (== net10.0) (< net9.0)) (== netstandard2.1)
      System.Memory (>= 4.6.3) - restriction: || (&& (== net10.0) (>= net462)) (&& (== net10.0) (< net8.0)) (== netstandard2.1)
      System.Runtime.CompilerServices.Unsafe (>= 6.1.2) - restriction: || (&& (== net10.0) (>= net462)) (&& (== net10.0) (< net8.0)) (== netstandard2.1)
      System.Text.Encodings.Web (>= 10.0.5) - restriction: || (&& (== net10.0) (>= net462)) (&& (== net10.0) (< net8.0)) (&& (== net10.0) (< net9.0)) (== netstandard2.1)
      System.Threading.Tasks.Extensions (>= 4.6.3) - restriction: || (&& (== net10.0) (>= net462)) (&& (== net10.0) (< net8.0)) (== netstandard2.1)
    System.Threading.Tasks.Extensions (4.6.3) - restriction: || (&& (== net10.0) (>= net462)) (&& (== net10.0) (< net8.0)) (== netstandard2.1)
